// !$*UTF8*$!
{
	archiveVersion = 1;
	classes = {
	};
	objectVersion = 56;
	objects = {

/* Begin PBXBuildFile section */
		043240CA29772FF700728BEE /* Model.swift in Sources */ = {isa = PBXBuildFile; fileRef = 043240C929772FF700728BEE /* Model.swift */; };
		043240CD2977314500728BEE /* RemoteDataSource.swift in Sources */ = {isa = PBXBuildFile; fileRef = 043240CC2977314500728BEE /* RemoteDataSource.swift */; };
		043240D32977506000728BEE /* ContentViewModel.swift in Sources */ = {isa = PBXBuildFile; fileRef = 043240D22977506000728BEE /* ContentViewModel.swift */; };
		044580242979C72000922432 /* ContentViewModelUnitTests.swift in Sources */ = {isa = PBXBuildFile; fileRef = 044580232979C72000922432 /* ContentViewModelUnitTests.swift */; };
		044580272979E44E00922432 /* RemoteDataSourceMock.swift in Sources */ = {isa = PBXBuildFile; fileRef = 044580262979E44E00922432 /* RemoteDataSourceMock.swift */; };
		7E1BC3C729772A03003951C1 /* StarWarsPeopleDisplayerApp.swift in Sources */ = {isa = PBXBuildFile; fileRef = 7E1BC3C629772A03003951C1 /* StarWarsPeopleDisplayerApp.swift */; };
		7E1BC3C929772A03003951C1 /* ContentView.swift in Sources */ = {isa = PBXBuildFile; fileRef = 7E1BC3C829772A03003951C1 /* ContentView.swift */; };
		7E1BC3CB29772A04003951C1 /* Assets.xcassets in Resources */ = {isa = PBXBuildFile; fileRef = 7E1BC3CA29772A04003951C1 /* Assets.xcassets */; };
		7E1BC3CE29772A04003951C1 /* Preview Assets.xcassets in Resources */ = {isa = PBXBuildFile; fileRef = 7E1BC3CD29772A04003951C1 /* Preview Assets.xcassets */; };
		7E1BC3D829772A04003951C1 /* RemoteDataSourceUnitTests.swift in Sources */ = {isa = PBXBuildFile; fileRef = 7E1BC3D729772A04003951C1 /* RemoteDataSourceUnitTests.swift */; };
		7E1BC3E229772A04003951C1 /* StarWarsPeopleDisplayerUITests.swift in Sources */ = {isa = PBXBuildFile; fileRef = 7E1BC3E129772A04003951C1 /* StarWarsPeopleDisplayerUITests.swift */; };
		7E1BC3E429772A04003951C1 /* StarWarsPeopleDisplayerUITestsLaunchTests.swift in Sources */ = {isa = PBXBuildFile; fileRef = 7E1BC3E329772A04003951C1 /* StarWarsPeopleDisplayerUITestsLaunchTests.swift */; };
/* End PBXBuildFile section */

/* Begin PBXContainerItemProxy section */
		7E1BC3D429772A04003951C1 /* PBXContainerItemProxy */ = {
			isa = PBXContainerItemProxy;
			containerPortal = 7E1BC3BB29772A03003951C1 /* Project object */;
			proxyType = 1;
			remoteGlobalIDString = 7E1BC3C229772A03003951C1;
			remoteInfo = StarWarsPeopleDisplayer;
		};
		7E1BC3DE29772A04003951C1 /* PBXContainerItemProxy */ = {
			isa = PBXContainerItemProxy;
			containerPortal = 7E1BC3BB29772A03003951C1 /* Project object */;
			proxyType = 1;
			remoteGlobalIDString = 7E1BC3C229772A03003951C1;
			remoteInfo = StarWarsPeopleDisplayer;
		};
/* End PBXContainerItemProxy section */

/* Begin PBXFileReference section */
		043240C929772FF700728BEE /* Model.swift */ = {isa = PBXFileReference; lastKnownFileType = sourcecode.swift; path = Model.swift; sourceTree = "<group>"; };
		043240CC2977314500728BEE /* RemoteDataSource.swift */ = {isa = PBXFileReference; lastKnownFileType = sourcecode.swift; path = RemoteDataSource.swift; sourceTree = "<group>"; };
		043240D1297745CE00728BEE /* Info.plist */ = {isa = PBXFileReference; lastKnownFileType = text.plist; path = Info.plist; sourceTree = "<group>"; };
		043240D22977506000728BEE /* ContentViewModel.swift */ = {isa = PBXFileReference; lastKnownFileType = sourcecode.swift; path = ContentViewModel.swift; sourceTree = "<group>"; };
		044580232979C72000922432 /* ContentViewModelUnitTests.swift */ = {isa = PBXFileReference; fileEncoding = 4; lastKnownFileType = sourcecode.swift; path = ContentViewModelUnitTests.swift; sourceTree = "<group>"; };
		044580262979E44E00922432 /* RemoteDataSourceMock.swift */ = {isa = PBXFileReference; lastKnownFileType = sourcecode.swift; path = RemoteDataSourceMock.swift; sourceTree = "<group>"; };
		7E1BC3C329772A03003951C1 /* StarWarsPeopleDisplayer.app */ = {isa = PBXFileReference; explicitFileType = wrapper.application; includeInIndex = 0; path = StarWarsPeopleDisplayer.app; sourceTree = BUILT_PRODUCTS_DIR; };
		7E1BC3C629772A03003951C1 /* StarWarsPeopleDisplayerApp.swift */ = {isa = PBXFileReference; lastKnownFileType = sourcecode.swift; path = StarWarsPeopleDisplayerApp.swift; sourceTree = "<group>"; };
		7E1BC3C829772A03003951C1 /* ContentView.swift */ = {isa = PBXFileReference; lastKnownFileType = sourcecode.swift; path = ContentView.swift; sourceTree = "<group>"; };
		7E1BC3CA29772A04003951C1 /* Assets.xcassets */ = {isa = PBXFileReference; lastKnownFileType = folder.assetcatalog; path = Assets.xcassets; sourceTree = "<group>"; };
		7E1BC3CD29772A04003951C1 /* Preview Assets.xcassets */ = {isa = PBXFileReference; lastKnownFileType = folder.assetcatalog; path = "Preview Assets.xcassets"; sourceTree = "<group>"; };
		7E1BC3D329772A04003951C1 /* StarWarsPeopleDisplayerTests.xctest */ = {isa = PBXFileReference; explicitFileType = wrapper.cfbundle; includeInIndex = 0; path = StarWarsPeopleDisplayerTests.xctest; sourceTree = BUILT_PRODUCTS_DIR; };
		7E1BC3D729772A04003951C1 /* RemoteDataSourceUnitTests.swift */ = {isa = PBXFileReference; lastKnownFileType = sourcecode.swift; path = RemoteDataSourceUnitTests.swift; sourceTree = "<group>"; };
		7E1BC3DD29772A04003951C1 /* StarWarsPeopleDisplayerUITests.xctest */ = {isa = PBXFileReference; explicitFileType = wrapper.cfbundle; includeInIndex = 0; path = StarWarsPeopleDisplayerUITests.xctest; sourceTree = BUILT_PRODUCTS_DIR; };
		7E1BC3E129772A04003951C1 /* StarWarsPeopleDisplayerUITests.swift */ = {isa = PBXFileReference; lastKnownFileType = sourcecode.swift; path = StarWarsPeopleDisplayerUITests.swift; sourceTree = "<group>"; };
		7E1BC3E329772A04003951C1 /* StarWarsPeopleDisplayerUITestsLaunchTests.swift */ = {isa = PBXFileReference; lastKnownFileType = sourcecode.swift; path = StarWarsPeopleDisplayerUITestsLaunchTests.swift; sourceTree = "<group>"; };
/* End PBXFileReference section */

/* Begin PBXFrameworksBuildPhase section */
		7E1BC3C029772A03003951C1 /* Frameworks */ = {
			isa = PBXFrameworksBuildPhase;
			buildActionMask = 2147483647;
			files = (
			);
			runOnlyForDeploymentPostprocessing = 0;
		};
		7E1BC3D029772A04003951C1 /* Frameworks */ = {
			isa = PBXFrameworksBuildPhase;
			buildActionMask = 2147483647;
			files = (
			);
			runOnlyForDeploymentPostprocessing = 0;
		};
		7E1BC3DA29772A04003951C1 /* Frameworks */ = {
			isa = PBXFrameworksBuildPhase;
			buildActionMask = 2147483647;
			files = (
			);
			runOnlyForDeploymentPostprocessing = 0;
		};
/* End PBXFrameworksBuildPhase section */

/* Begin PBXGroup section */
		043240CB2977310800728BEE /* Data */ = {
			isa = PBXGroup;
			children = (
				043240C929772FF700728BEE /* Model.swift */,
				043240CC2977314500728BEE /* RemoteDataSource.swift */,
			);
			path = Data;
			sourceTree = "<group>";
		};
		043240CE297735BE00728BEE /* UI */ = {
			isa = PBXGroup;
			children = (
				7E1BC3C829772A03003951C1 /* ContentView.swift */,
			);
			path = UI;
			sourceTree = "<group>";
		};
		043240D0297735D300728BEE /* ViewModel */ = {
			isa = PBXGroup;
			children = (
				043240D22977506000728BEE /* ContentViewModel.swift */,
			);
			path = ViewModel;
			sourceTree = "<group>";
		};
		044580252979E39A00922432 /* Mocks */ = {
			isa = PBXGroup;
			children = (
				044580262979E44E00922432 /* RemoteDataSourceMock.swift */,
			);
			path = Mocks;
			sourceTree = "<group>";
		};
		7E1BC3BA29772A03003951C1 = {
			isa = PBXGroup;
			children = (
				7E1BC3C529772A03003951C1 /* StarWarsPeopleDisplayer */,
				7E1BC3D629772A04003951C1 /* StarWarsPeopleDisplayerTests */,
				7E1BC3E029772A04003951C1 /* StarWarsPeopleDisplayerUITests */,
				7E1BC3C429772A03003951C1 /* Products */,
			);
			sourceTree = "<group>";
		};
		7E1BC3C429772A03003951C1 /* Products */ = {
			isa = PBXGroup;
			children = (
				7E1BC3C329772A03003951C1 /* StarWarsPeopleDisplayer.app */,
				7E1BC3D329772A04003951C1 /* StarWarsPeopleDisplayerTests.xctest */,
				7E1BC3DD29772A04003951C1 /* StarWarsPeopleDisplayerUITests.xctest */,
			);
			name = Products;
			sourceTree = "<group>";
		};
		7E1BC3C529772A03003951C1 /* StarWarsPeopleDisplayer */ = {
			isa = PBXGroup;
			children = (
				043240D1297745CE00728BEE /* Info.plist */,
				043240D0297735D300728BEE /* ViewModel */,
				043240CB2977310800728BEE /* Data */,
				7E1BC3C629772A03003951C1 /* StarWarsPeopleDisplayerApp.swift */,
				043240CE297735BE00728BEE /* UI */,
				7E1BC3CA29772A04003951C1 /* Assets.xcassets */,
				7E1BC3CC29772A04003951C1 /* Preview Content */,
			);
			path = StarWarsPeopleDisplayer;
			sourceTree = "<group>";
		};
		7E1BC3CC29772A04003951C1 /* Preview Content */ = {
			isa = PBXGroup;
			children = (
				7E1BC3CD29772A04003951C1 /* Preview Assets.xcassets */,
			);
			path = "Preview Content";
			sourceTree = "<group>";
		};
		7E1BC3D629772A04003951C1 /* StarWarsPeopleDisplayerTests */ = {
			isa = PBXGroup;
			children = (
				044580252979E39A00922432 /* Mocks */,
				7E1BC3D729772A04003951C1 /* RemoteDataSourceUnitTests.swift */,
				044580232979C72000922432 /* ContentViewModelUnitTests.swift */,
			);
			path = StarWarsPeopleDisplayerTests;
			sourceTree = "<group>";
		};
		7E1BC3E029772A04003951C1 /* StarWarsPeopleDisplayerUITests */ = {
			isa = PBXGroup;
			children = (
				7E1BC3E129772A04003951C1 /* StarWarsPeopleDisplayerUITests.swift */,
				7E1BC3E329772A04003951C1 /* StarWarsPeopleDisplayerUITestsLaunchTests.swift */,
			);
			path = StarWarsPeopleDisplayerUITests;
			sourceTree = "<group>";
		};
/* End PBXGroup section */

/* Begin PBXNativeTarget section */
		7E1BC3C229772A03003951C1 /* StarWarsPeopleDisplayer */ = {
			isa = PBXNativeTarget;
			buildConfigurationList = 7E1BC3E729772A04003951C1 /* Build configuration list for PBXNativeTarget "StarWarsPeopleDisplayer" */;
			buildPhases = (
				7E1BC3BF29772A03003951C1 /* Sources */,
				7E1BC3C029772A03003951C1 /* Frameworks */,
				7E1BC3C129772A03003951C1 /* Resources */,
			);
			buildRules = (
			);
			dependencies = (
			);
			name = StarWarsPeopleDisplayer;
			productName = StarWarsPeopleDisplayer;
			productReference = 7E1BC3C329772A03003951C1 /* StarWarsPeopleDisplayer.app */;
			productType = "com.apple.product-type.application";
		};
		7E1BC3D229772A04003951C1 /* StarWarsPeopleDisplayerTests */ = {
			isa = PBXNativeTarget;
			buildConfigurationList = 7E1BC3EA29772A04003951C1 /* Build configuration list for PBXNativeTarget "StarWarsPeopleDisplayerTests" */;
			buildPhases = (
				7E1BC3CF29772A04003951C1 /* Sources */,
				7E1BC3D029772A04003951C1 /* Frameworks */,
				7E1BC3D129772A04003951C1 /* Resources */,
			);
			buildRules = (
			);
			dependencies = (
				7E1BC3D529772A04003951C1 /* PBXTargetDependency */,
			);
			name = StarWarsPeopleDisplayerTests;
			productName = StarWarsPeopleDisplayerTests;
			productReference = 7E1BC3D329772A04003951C1 /* StarWarsPeopleDisplayerTests.xctest */;
			productType = "com.apple.product-type.bundle.unit-test";
		};
		7E1BC3DC29772A04003951C1 /* StarWarsPeopleDisplayerUITests */ = {
			isa = PBXNativeTarget;
			buildConfigurationList = 7E1BC3ED29772A04003951C1 /* Build configuration list for PBXNativeTarget "StarWarsPeopleDisplayerUITests" */;
			buildPhases = (
				7E1BC3D929772A04003951C1 /* Sources */,
				7E1BC3DA29772A04003951C1 /* Frameworks */,
				7E1BC3DB29772A04003951C1 /* Resources */,
			);
			buildRules = (
			);
			dependencies = (
				7E1BC3DF29772A04003951C1 /* PBXTargetDependency */,
			);
			name = StarWarsPeopleDisplayerUITests;
			productName = StarWarsPeopleDisplayerUITests;
			productReference = 7E1BC3DD29772A04003951C1 /* StarWarsPeopleDisplayerUITests.xctest */;
			productType = "com.apple.product-type.bundle.ui-testing";
		};
/* End PBXNativeTarget section */

/* Begin PBXProject section */
		7E1BC3BB29772A03003951C1 /* Project object */ = {
			isa = PBXProject;
			attributes = {
				BuildIndependentTargetsInParallel = 1;
				LastSwiftUpdateCheck = 1420;
				LastUpgradeCheck = 1420;
				TargetAttributes = {
					7E1BC3C229772A03003951C1 = {
						CreatedOnToolsVersion = 14.2;
					};
					7E1BC3D229772A04003951C1 = {
						CreatedOnToolsVersion = 14.2;
						TestTargetID = 7E1BC3C229772A03003951C1;
					};
					7E1BC3DC29772A04003951C1 = {
						CreatedOnToolsVersion = 14.2;
						TestTargetID = 7E1BC3C229772A03003951C1;
					};
				};
			};
			buildConfigurationList = 7E1BC3BE29772A03003951C1 /* Build configuration list for PBXProject "StarWarsPeopleDisplayer" */;
			compatibilityVersion = "Xcode 14.0";
			developmentRegion = en;
			hasScannedForEncodings = 0;
			knownRegions = (
				en,
				Base,
			);
			mainGroup = 7E1BC3BA29772A03003951C1;
			productRefGroup = 7E1BC3C429772A03003951C1 /* Products */;
			projectDirPath = "";
			projectRoot = "";
			targets = (
				7E1BC3C229772A03003951C1 /* StarWarsPeopleDisplayer */,
				7E1BC3D229772A04003951C1 /* StarWarsPeopleDisplayerTests */,
				7E1BC3DC29772A04003951C1 /* StarWarsPeopleDisplayerUITests */,
			);
		};
/* End PBXProject section */

/* Begin PBXResourcesBuildPhase section */
		7E1BC3C129772A03003951C1 /* Resources */ = {
			isa = PBXResourcesBuildPhase;
			buildActionMask = 2147483647;
			files = (
				7E1BC3CE29772A04003951C1 /* Preview Assets.xcassets in Resources */,
				7E1BC3CB29772A04003951C1 /* Assets.xcassets in Resources */,
			);
			runOnlyForDeploymentPostprocessing = 0;
		};
		7E1BC3D129772A04003951C1 /* Resources */ = {
			isa = PBXResourcesBuildPhase;
			buildActionMask = 2147483647;
			files = (
			);
			runOnlyForDeploymentPostprocessing = 0;
		};
		7E1BC3DB29772A04003951C1 /* Resources */ = {
			isa = PBXResourcesBuildPhase;
			buildActionMask = 2147483647;
			files = (
			);
			runOnlyForDeploymentPostprocessing = 0;
		};
/* End PBXResourcesBuildPhase section */

/* Begin PBXSourcesBuildPhase section */
		7E1BC3BF29772A03003951C1 /* Sources */ = {
			isa = PBXSourcesBuildPhase;
			buildActionMask = 2147483647;
			files = (
				043240CD2977314500728BEE /* RemoteDataSource.swift in Sources */,
				043240CA29772FF700728BEE /* Model.swift in Sources */,
				7E1BC3C929772A03003951C1 /* ContentView.swift in Sources */,
				7E1BC3C729772A03003951C1 /* StarWarsPeopleDisplayerApp.swift in Sources */,
				043240D32977506000728BEE /* ContentViewModel.swift in Sources */,
			);
			runOnlyForDeploymentPostprocessing = 0;
		};
		7E1BC3CF29772A04003951C1 /* Sources */ = {
			isa = PBXSourcesBuildPhase;
			buildActionMask = 2147483647;
			files = (
				044580272979E44E00922432 /* RemoteDataSourceMock.swift in Sources */,
				044580242979C72000922432 /* ContentViewModelUnitTests.swift in Sources */,
				7E1BC3D829772A04003951C1 /* RemoteDataSourceUnitTests.swift in Sources */,
			);
			runOnlyForDeploymentPostprocessing = 0;
		};
		7E1BC3D929772A04003951C1 /* Sources */ = {
			isa = PBXSourcesBuildPhase;
			buildActionMask = 2147483647;
			files = (
				7E1BC3E429772A04003951C1 /* StarWarsPeopleDisplayerUITestsLaunchTests.swift in Sources */,
				7E1BC3E229772A04003951C1 /* StarWarsPeopleDisplayerUITests.swift in Sources */,
			);
			runOnlyForDeploymentPostprocessing = 0;
		};
/* End PBXSourcesBuildPhase section */

/* Begin PBXTargetDependency section */
		7E1BC3D529772A04003951C1 /* PBXTargetDependency */ = {
			isa = PBXTargetDependency;
			target = 7E1BC3C229772A03003951C1 /* StarWarsPeopleDisplayer */;
			targetProxy = 7E1BC3D429772A04003951C1 /* PBXContainerItemProxy */;
		};
		7E1BC3DF29772A04003951C1 /* PBXTargetDependency */ = {
			isa = PBXTargetDependency;
			target = 7E1BC3C229772A03003951C1 /* StarWarsPeopleDisplayer */;
			targetProxy = 7E1BC3DE29772A04003951C1 /* PBXContainerItemProxy */;
		};
/* End PBXTargetDependency section */

/* Begin XCBuildConfiguration section */
		7E1BC3E529772A04003951C1 /* Debug */ = {
			isa = XCBuildConfiguration;
			buildSettings = {
				ALWAYS_SEARCH_USER_PATHS = NO;
				CLANG_ANALYZER_NONNULL = YES;
				CLANG_ANALYZER_NUMBER_OBJECT_CONVERSION = YES_AGGRESSIVE;
				CLANG_CXX_LANGUAGE_STANDARD = "gnu++20";
				CLANG_ENABLE_MODULES = YES;
				CLANG_ENABLE_OBJC_ARC = YES;
				CLANG_ENABLE_OBJC_WEAK = YES;
				CLANG_WARN_BLOCK_CAPTURE_AUTORELEASING = YES;
				CLANG_WARN_BOOL_CONVERSION = YES;
				CLANG_WARN_COMMA = YES;
				CLANG_WARN_CONSTANT_CONVERSION = YES;
				CLANG_WARN_DEPRECATED_OBJC_IMPLEMENTATIONS = YES;
				CLANG_WARN_DIRECT_OBJC_ISA_USAGE = YES_ERROR;
				CLANG_WARN_DOCUMENTATION_COMMENTS = YES;
				CLANG_WARN_EMPTY_BODY = YES;
				CLANG_WARN_ENUM_CONVERSION = YES;
				CLANG_WARN_INFINITE_RECURSION = YES;
				CLANG_WARN_INT_CONVERSION = YES;
				CLANG_WARN_NON_LITERAL_NULL_CONVERSION = YES;
				CLANG_WARN_OBJC_IMPLICIT_RETAIN_SELF = YES;
				CLANG_WARN_OBJC_LITERAL_CONVERSION = YES;
				CLANG_WARN_OBJC_ROOT_CLASS = YES_ERROR;
				CLANG_WARN_QUOTED_INCLUDE_IN_FRAMEWORK_HEADER = YES;
				CLANG_WARN_RANGE_LOOP_ANALYSIS = YES;
				CLANG_WARN_STRICT_PROTOTYPES = YES;
				CLANG_WARN_SUSPICIOUS_MOVE = YES;
				CLANG_WARN_UNGUARDED_AVAILABILITY = YES_AGGRESSIVE;
				CLANG_WARN_UNREACHABLE_CODE = YES;
				CLANG_WARN__DUPLICATE_METHOD_MATCH = YES;
				COPY_PHASE_STRIP = NO;
				DEBUG_INFORMATION_FORMAT = dwarf;
				ENABLE_STRICT_OBJC_MSGSEND = YES;
				ENABLE_TESTABILITY = YES;
				GCC_C_LANGUAGE_STANDARD = gnu11;
				GCC_DYNAMIC_NO_PIC = NO;
				GCC_NO_COMMON_BLOCKS = YES;
				GCC_OPTIMIZATION_LEVEL = 0;
				GCC_PREPROCESSOR_DEFINITIONS = (
					"DEBUG=1",
					"$(inherited)",
				);
				GCC_WARN_64_TO_32_BIT_CONVERSION = YES;
				GCC_WARN_ABOUT_RETURN_TYPE = YES_ERROR;
				GCC_WARN_UNDECLARED_SELECTOR = YES;
				GCC_WARN_UNINITIALIZED_AUTOS = YES_AGGRESSIVE;
				GCC_WARN_UNUSED_FUNCTION = YES;
				GCC_WARN_UNUSED_VARIABLE = YES;
				IPHONEOS_DEPLOYMENT_TARGET = 16.2;
				MTL_ENABLE_DEBUG_INFO = INCLUDE_SOURCE;
				MTL_FAST_MATH = YES;
				ONLY_ACTIVE_ARCH = YES;
				SDKROOT = iphoneos;
				SWIFT_ACTIVE_COMPILATION_CONDITIONS = DEBUG;
				SWIFT_OPTIMIZATION_LEVEL = "-Onone";
			};
			name = Debug;
		};
		7E1BC3E629772A04003951C1 /* Release */ = {
			isa = XCBuildConfiguration;
			buildSettings = {
				ALWAYS_SEARCH_USER_PATHS = NO;
				CLANG_ANALYZER_NONNULL = YES;
				CLANG_ANALYZER_NUMBER_OBJECT_CONVERSION = YES_AGGRESSIVE;
				CLANG_CXX_LANGUAGE_STANDARD = "gnu++20";
				CLANG_ENABLE_MODULES = YES;
				CLANG_ENABLE_OBJC_ARC = YES;
				CLANG_ENABLE_OBJC_WEAK = YES;
				CLANG_WARN_BLOCK_CAPTURE_AUTORELEASING = YES;
				CLANG_WARN_BOOL_CONVERSION = YES;
				CLANG_WARN_COMMA = YES;
				CLANG_WARN_CONSTANT_CONVERSION = YES;
				CLANG_WARN_DEPRECATED_OBJC_IMPLEMENTATIONS = YES;
				CLANG_WARN_DIRECT_OBJC_ISA_USAGE = YES_ERROR;
				CLANG_WARN_DOCUMENTATION_COMMENTS = YES;
				CLANG_WARN_EMPTY_BODY = YES;
				CLANG_WARN_ENUM_CONVERSION = YES;
				CLANG_WARN_INFINITE_RECURSION = YES;
				CLANG_WARN_INT_CONVERSION = YES;
				CLANG_WARN_NON_LITERAL_NULL_CONVERSION = YES;
				CLANG_WARN_OBJC_IMPLICIT_RETAIN_SELF = YES;
				CLANG_WARN_OBJC_LITERAL_CONVERSION = YES;
				CLANG_WARN_OBJC_ROOT_CLASS = YES_ERROR;
				CLANG_WARN_QUOTED_INCLUDE_IN_FRAMEWORK_HEADER = YES;
				CLANG_WARN_RANGE_LOOP_ANALYSIS = YES;
				CLANG_WARN_STRICT_PROTOTYPES = YES;
				CLANG_WARN_SUSPICIOUS_MOVE = YES;
				CLANG_WARN_UNGUARDED_AVAILABILITY = YES_AGGRESSIVE;
				CLANG_WARN_UNREACHABLE_CODE = YES;
				CLANG_WARN__DUPLICATE_METHOD_MATCH = YES;
				COPY_PHASE_STRIP = NO;
				DEBUG_INFORMATION_FORMAT = "dwarf-with-dsym";
				ENABLE_NS_ASSERTIONS = NO;
				ENABLE_STRICT_OBJC_MSGSEND = YES;
				GCC_C_LANGUAGE_STANDARD = gnu11;
				GCC_NO_COMMON_BLOCKS = YES;
				GCC_WARN_64_TO_32_BIT_CONVERSION = YES;
				GCC_WARN_ABOUT_RETURN_TYPE = YES_ERROR;
				GCC_WARN_UNDECLARED_SELECTOR = YES;
				GCC_WARN_UNINITIALIZED_AUTOS = YES_AGGRESSIVE;
				GCC_WARN_UNUSED_FUNCTION = YES;
				GCC_WARN_UNUSED_VARIABLE = YES;
				IPHONEOS_DEPLOYMENT_TARGET = 16.2;
				MTL_ENABLE_DEBUG_INFO = NO;
				MTL_FAST_MATH = YES;
				SDKROOT = iphoneos;
				SWIFT_COMPILATION_MODE = wholemodule;
				SWIFT_OPTIMIZATION_LEVEL = "-O";
				VALIDATE_PRODUCT = YES;
			};
			name = Release;
		};
		7E1BC3E829772A04003951C1 /* Debug */ = {
			isa = XCBuildConfiguration;
			buildSettings = {
				ASSETCATALOG_COMPILER_APPICON_NAME = AppIcon;
				ASSETCATALOG_COMPILER_GLOBAL_ACCENT_COLOR_NAME = AccentColor;
				CODE_SIGN_STYLE = Automatic;
				CURRENT_PROJECT_VERSION = 1;
				DEVELOPMENT_ASSET_PATHS = "\"StarWarsPeopleDisplayer/Preview Content\"";
				DEVELOPMENT_TEAM = S863WZA6HJ;
				ENABLE_PREVIEWS = YES;
				GENERATE_INFOPLIST_FILE = YES;
				INFOPLIST_FILE = StarWarsPeopleDisplayer/Info.plist;
				INFOPLIST_KEY_UIApplicationSupportsIndirectInputEvents = YES;
				INFOPLIST_KEY_UILaunchScreen_Generation = YES;
				INFOPLIST_KEY_UISupportedInterfaceOrientations_iPad = "UIInterfaceOrientationPortrait UIInterfaceOrientationPortraitUpsideDown UIInterfaceOrientationLandscapeLeft UIInterfaceOrientationLandscapeRight";
				INFOPLIST_KEY_UISupportedInterfaceOrientations_iPhone = "UIInterfaceOrientationPortrait UIInterfaceOrientationLandscapeLeft UIInterfaceOrientationLandscapeRight";
				LD_RUNPATH_SEARCH_PATHS = (
					"$(inherited)",
					"@executable_path/Frameworks",
				);
				MARKETING_VERSION = 1.0;
				PRODUCT_BUNDLE_IDENTIFIER = com.dehcast.StarWarsPeopleDisplayer;
				PRODUCT_NAME = "$(TARGET_NAME)";
				SWIFT_EMIT_LOC_STRINGS = YES;
				SWIFT_VERSION = 5.0;
				TARGETED_DEVICE_FAMILY = "1,2";
			};
			name = Debug;
		};
		7E1BC3E929772A04003951C1 /* Release */ = {
			isa = XCBuildConfiguration;
			buildSettings = {
				ASSETCATALOG_COMPILER_APPICON_NAME = AppIcon;
				ASSETCATALOG_COMPILER_GLOBAL_ACCENT_COLOR_NAME = AccentColor;
				CODE_SIGN_STYLE = Automatic;
				CURRENT_PROJECT_VERSION = 1;
				DEVELOPMENT_ASSET_PATHS = "\"StarWarsPeopleDisplayer/Preview Content\"";
				DEVELOPMENT_TEAM = S863WZA6HJ;
				ENABLE_PREVIEWS = YES;
				GENERATE_INFOPLIST_FILE = YES;
				INFOPLIST_FILE = StarWarsPeopleDisplayer/Info.plist;
				INFOPLIST_KEY_UIApplicationSupportsIndirectInputEvents = YES;
				INFOPLIST_KEY_UILaunchScreen_Generation = YES;
				INFOPLIST_KEY_UISupportedInterfaceOrientations_iPad = "UIInterfaceOrientationPortrait UIInterfaceOrientationPortraitUpsideDown UIInterfaceOrientationLandscapeLeft UIInterfaceOrientationLandscapeRight";
				INFOPLIST_KEY_UISupportedInterfaceOrientations_iPhone = "UIInterfaceOrientationPortrait UIInterfaceOrientationLandscapeLeft UIInterfaceOrientationLandscapeRight";
				LD_RUNPATH_SEARCH_PATHS = (
					"$(inherited)",
					"@executable_path/Frameworks",
				);
				MARKETING_VERSION = 1.0;
				PRODUCT_BUNDLE_IDENTIFIER = com.dehcast.StarWarsPeopleDisplayer;
				PRODUCT_NAME = "$(TARGET_NAME)";
				SWIFT_EMIT_LOC_STRINGS = YES;
				SWIFT_VERSION = 5.0;
				TARGETED_DEVICE_FAMILY = "1,2";
			};
			name = Release;
		};
		7E1BC3EB29772A04003951C1 /* Debug */ = {
			isa = XCBuildConfiguration;
			buildSettings = {
				ALWAYS_EMBED_SWIFT_STANDARD_LIBRARIES = YES;
				BUNDLE_LOADER = "$(TEST_HOST)";
				CODE_SIGN_STYLE = Automatic;
				CURRENT_PROJECT_VERSION = 1;
				DEVELOPMENT_TEAM = S863WZA6HJ;
				GENERATE_INFOPLIST_FILE = YES;
				IPHONEOS_DEPLOYMENT_TARGET = 16.2;
				MARKETING_VERSION = 1.0;
				PRODUCT_BUNDLE_IDENTIFIER = com.dehcast.StarWarsPeopleDisplayerTests;
				PRODUCT_NAME = "$(TARGET_NAME)";
				SWIFT_EMIT_LOC_STRINGS = NO;
				SWIFT_VERSION = 5.0;
				TARGETED_DEVICE_FAMILY = "1,2";
				TEST_HOST = "$(BUILT_PRODUCTS_DIR)/StarWarsPeopleDisplayer.app/$(BUNDLE_EXECUTABLE_FOLDER_PATH)/StarWarsPeopleDisplayer";
			};
			name = Debug;
		};
		7E1BC3EC29772A04003951C1 /* Release */ = {
			isa = XCBuildConfiguration;
			buildSettings = {
				ALWAYS_EMBED_SWIFT_STANDARD_LIBRARIES = YES;
				BUNDLE_LOADER = "$(TEST_HOST)";
				CODE_SIGN_STYLE = Automatic;
				CURRENT_PROJECT_VERSION = 1;
				DEVELOPMENT_TEAM = S863WZA6HJ;
				GENERATE_INFOPLIST_FILE = YES;
				IPHONEOS_DEPLOYMENT_TARGET = 16.2;
				MARKETING_VERSION = 1.0;
				PRODUCT_BUNDLE_IDENTIFIER = com.dehcast.StarWarsPeopleDisplayerTests;
				PRODUCT_NAME = "$(TARGET_NAME)";
				SWIFT_EMIT_LOC_STRINGS = NO;
				SWIFT_VERSION = 5.0;
				TARGETED_DEVICE_FAMILY = "1,2";
				TEST_HOST = "$(BUILT_PRODUCTS_DIR)/StarWarsPeopleDisplayer.app/$(BUNDLE_EXECUTABLE_FOLDER_PATH)/StarWarsPeopleDisplayer";
			};
			name = Release;
		};
		7E1BC3EE29772A04003951C1 /* Debug */ = {
			isa = XCBuildConfiguration;
			buildSettings = {
				ALWAYS_EMBED_SWIFT_STANDARD_LIBRARIES = YES;
				CODE_SIGN_STYLE = Automatic;
				CURRENT_PROJECT_VERSION = 1;
				DEVELOPMENT_TEAM = S863WZA6HJ;
				GENERATE_INFOPLIST_FILE = YES;
				MARKETING_VERSION = 1.0;
				PRODUCT_BUNDLE_IDENTIFIER = com.dehcast.StarWarsPeopleDisplayerUITests;
				PRODUCT_NAME = "$(TARGET_NAME)";
				SWIFT_EMIT_LOC_STRINGS = NO;
				SWIFT_VERSION = 5.0;
				TARGETED_DEVICE_FAMILY = "1,2";
				TEST_TARGET_NAME = StarWarsPeopleDisplayer;
			};
			name = Debug;
		};
		7E1BC3EF29772A04003951C1 /* Release */ = {
			isa = XCBuildConfiguration;
			buildSettings = {
				ALWAYS_EMBED_SWIFT_STANDARD_LIBRARIES = YES;
				CODE_SIGN_STYLE = Automatic;
				CURRENT_PROJECT_VERSION = 1;
				DEVELOPMENT_TEAM = S863WZA6HJ;
				GENERATE_INFOPLIST_FILE = YES;
				MARKETING_VERSION = 1.0;
				PRODUCT_BUNDLE_IDENTIFIER = com.dehcast.StarWarsPeopleDisplayerUITests;
				PRODUCT_NAME = "$(TARGET_NAME)";
				SWIFT_EMIT_LOC_STRINGS = NO;
				SWIFT_VERSION = 5.0;
				TARGETED_DEVICE_FAMILY = "1,2";
				TEST_TARGET_NAME = StarWarsPeopleDisplayer;
			};
			name = Release;
		};
/* End XCBuildConfiguration section */

/* Begin XCConfigurationList section */
		7E1BC3BE29772A03003951C1 /* Build configuration list for PBXProject "StarWarsPeopleDisplayer" */ = {
			isa = XCConfigurationList;
			buildConfigurations = (
				7E1BC3E529772A04003951C1 /* Debug */,
				7E1BC3E629772A04003951C1 /* Release */,
			);
			defaultConfigurationIsVisible = 0;
			defaultConfigurationName = Release;
		};
		7E1BC3E729772A04003951C1 /* Build configuration list for PBXNativeTarget "StarWarsPeopleDisplayer" */ = {
			isa = XCConfigurationList;
			buildConfigurations = (
				7E1BC3E829772A04003951C1 /* Debug */,
				7E1BC3E929772A04003951C1 /* Release */,
			);
			defaultConfigurationIsVisible = 0;
			defaultConfigurationName = Release;
		};
		7E1BC3EA29772A04003951C1 /* Build configuration list for PBXNativeTarget "StarWarsPeopleDisplayerTests" */ = {
			isa = XCConfigurationList;
			buildConfigurations = (
				7E1BC3EB29772A04003951C1 /* Debug */,
				7E1BC3EC29772A04003951C1 /* Release */,
			);
			defaultConfigurationIsVisible = 0;
			defaultConfigurationName = Release;
		};
		7E1BC3ED29772A04003951C1 /* Build configuration list for PBXNativeTarget "StarWarsPeopleDisplayerUITests" */ = {
			isa = XCConfigurationList;
			buildConfigurations = (
				7E1BC3EE29772A04003951C1 /* Debug */,
				7E1BC3EF29772A04003951C1 /* Release */,
			);
			defaultConfigurationIsVisible = 0;
			defaultConfigurationName = Release;
		};
/* End XCConfigurationList section */
	};
	rootObject = 7E1BC3BB29772A03003951C1 /* Project object */;
}
